
Microsoft Visual Studio Solution File, Format Version 12.00
# Visual Studio Version 17
VisualStudioVersion = 17.8.34330.188
MinimumVisualStudioVersion = 10.0.40219.1
Project("{FAE04EC0-301F-11D3-BF4B-00C04F79EFBC}") = "DepartmentConsoleApp", "DepartmentConsoleApp.csproj", "{2B34C2EE-4A57-4E9D-BECA-A774E0BE126C}"
EndProject
Global
	GlobalSection(SolutionConfigurationPlatforms) = preSolution
		Debug|Any CPU = Debug|Any CPU
		Release|Any CPU = Release|Any CPU
	EndGlobalSection
	GlobalSection(ProjectConfigurationPlatforms) = postSolution
		{2B34C2EE-4A57-4E9D-BECA-A774E0BE126C}.Debug|Any CPU.ActiveCfg = Debug|Any CPU
		{2B34C2EE-4A57-4E9D-BECA-A774E0BE126C}.Debug|Any CPU.Build.0 = Debug|Any CPU
		{2B34C2EE-4A57-4E9D-BECA-A774E0BE126C}.Release|Any CPU.ActiveCfg = Release|Any CPU
		{2B34C2EE-4A57-4E9D-BECA-A774E0BE126C}.Release|Any CPU.Build.0 = Release|Any CPU
	EndGlobalSection
	GlobalSection(SolutionProperties) = preSolution
		HideSolutionNode = FALSE
	EndGlobalSection
	GlobalSection(ExtensibilityGlobals) = postSolution
		SolutionGuid = {5DE51AD1-1F56-4472-BC98-6AFCD990BF4C}
	EndGlobalSection
EndGlobal
