
Microsoft Visual Studio Solution File, Format Version 12.00
# Visual Studio Version 17
VisualStudioVersion = 17.8.34330.188
MinimumVisualStudioVersion = 10.0.40219.1
Project("{FAE04EC0-301F-11D3-BF4B-00C04F79EFBC}") = "Exceptions", "Exceptions.csproj", "{EED01FDE-770D-43FA-B5B8-F4C6E3F847D4}"
EndProject
Global
	GlobalSection(SolutionConfigurationPlatforms) = preSolution
		Debug|Any CPU = Debug|Any CPU
		Release|Any CPU = Release|Any CPU
	EndGlobalSection
	GlobalSection(ProjectConfigurationPlatforms) = postSolution
		{EED01FDE-770D-43FA-B5B8-F4C6E3F847D4}.Debug|Any CPU.ActiveCfg = Debug|Any CPU
		{EED01FDE-770D-43FA-B5B8-F4C6E3F847D4}.Debug|Any CPU.Build.0 = Debug|Any CPU
		{EED01FDE-770D-43FA-B5B8-F4C6E3F847D4}.Release|Any CPU.ActiveCfg = Release|Any CPU
		{EED01FDE-770D-43FA-B5B8-F4C6E3F847D4}.Release|Any CPU.Build.0 = Release|Any CPU
	EndGlobalSection
	GlobalSection(SolutionProperties) = preSolution
		HideSolutionNode = FALSE
	EndGlobalSection
	GlobalSection(ExtensibilityGlobals) = postSolution
		SolutionGuid = {031D3F52-5C9E-4C05-8F7E-E44219DDD4A0}
	EndGlobalSection
EndGlobal
